
Microsoft Visual Studio Solution File, Format Version 12.00
# Visual Studio Version 17
VisualStudioVersion = 17.4.33205.214
MinimumVisualStudioVersion = 10.0.40219.1
Project("{9A19103F-16F7-4668-BE54-9A1E7A4F7556}") = "RestSharpDemoProject", "RestSharpDemoProject\RestSharpDemoProject.csproj", "{D479624D-1007-42BA-B946-0D1A7F90909F}"
EndProject
Project("{FAE04EC0-301F-11D3-BF4B-00C04F79EFBC}") = "GitHubApiTest", "GitHubApiTest\GitHubApiTest.csproj", "{A9CC943A-5749-4D49-AFFC-BBC13EFA0AF1}"
EndProject
Global
	GlobalSection(SolutionConfigurationPlatforms) = preSolution
		Debug|Any CPU = Debug|Any CPU
		Release|Any CPU = Release|Any CPU
	EndGlobalSection
	GlobalSection(ProjectConfigurationPlatforms) = postSolution
		{D479624D-1007-42BA-B946-0D1A7F90909F}.Debug|Any CPU.ActiveCfg = Debug|Any CPU
		{D479624D-1007-42BA-B946-0D1A7F90909F}.Debug|Any CPU.Build.0 = Debug|Any CPU
		{D479624D-1007-42BA-B946-0D1A7F90909F}.Release|Any CPU.ActiveCfg = Release|Any CPU
		{D479624D-1007-42BA-B946-0D1A7F90909F}.Release|Any CPU.Build.0 = Release|Any CPU
		{A9CC943A-5749-4D49-AFFC-BBC13EFA0AF1}.Debug|Any CPU.ActiveCfg = Debug|Any CPU
		{A9CC943A-5749-4D49-AFFC-BBC13EFA0AF1}.Debug|Any CPU.Build.0 = Debug|Any CPU
		{A9CC943A-5749-4D49-AFFC-BBC13EFA0AF1}.Release|Any CPU.ActiveCfg = Release|Any CPU
		{A9CC943A-5749-4D49-AFFC-BBC13EFA0AF1}.Release|Any CPU.Build.0 = Release|Any CPU
	EndGlobalSection
	GlobalSection(SolutionProperties) = preSolution
		HideSolutionNode = FALSE
	EndGlobalSection
	GlobalSection(ExtensibilityGlobals) = postSolution
		SolutionGuid = {BC153F68-3A2C-4A88-941E-09C6CD03E84D}
	EndGlobalSection
EndGlobal
